<?xml version="1.0" encoding="utf-8"?>
<Project ToolsVersion="4.0" xmlns="http://schemas.microsoft.com/developer/msbuild/2003">
  <ItemGroup>
    <Filter Include="Source">
      <UniqueIdentifier>{064726e7-c616-4a29-9815-b6557faa9185}</UniqueIdentifier>
    </Filter>
    <Filter Include="Source\Components">
      <UniqueIdentifier>{c27bdcd5-ce66-4e90-816f-5a68a22cc170}</UniqueIdentifier>
    </Filter>
  </ItemGroup>
  <ItemGroup>
    <ClCompile Include="Source\Components\ComponentCanon.cpp">
      <Filter>Source\Components</Filter>
    </ClCompile>
    <ClCompile Include="Source\Components\ComponentClock.cpp">
      <Filter>Source\Components</Filter>
    </ClCompile>
    <ClCompile Include="Source\Components\ComponentEnemy.cpp">
      <Filter>Source\Components</Filter>
    </ClCompile>
    <ClCompile Include="Source\Components\ComponentProjectile.cpp">
      <Filter>Source\Components</Filter>
    </ClCompile>
    <ClCompile Include="Source\Components\ComponentProjectileManager.cpp">
      <Filter>Source\Components</Filter>
    </ClCompile>
    <ClCompile Include="Source\GameComponentRegistrationModule.cpp">
      <Filter>Source</Filter>
    </ClCompile>
    <ClCompile Include="Source\GameModuleManager.cpp">
      <Filter>Source</Filter>
    </ClCompile>
    <ClCompile Include="Source\Components\ComponentEnemyManager.cpp">
      <Filter>Source\Components</Filter>
    </ClCompile>
    <ClCompile Include="Source\Components\ComponentGameManager.cpp">
      <Filter>Source\Components</Filter>
    </ClCompile>
  </ItemGroup>
  <ItemGroup>
    <ClInclude Include="Source\Components\ComponentCanon.h">
      <Filter>Source\Components</Filter>
    </ClInclude>
    <ClInclude Include="Source\Components\ComponentClock.h">
      <Filter>Source\Components</Filter>
    </ClInclude>
    <ClInclude Include="Source\Components\ComponentEnemy.h">
      <Filter>Source\Components</Filter>
    </ClInclude>
    <ClInclude Include="Source\Components\ComponentProjectile.h">
      <Filter>Source\Components</Filter>
    </ClInclude>
    <ClInclude Include="Source\Components\ComponentProjectileManager.h">
      <Filter>Source\Components</Filter>
    </ClInclude>
    <ClInclude Include="Source\GameComponentRegistrationModule.h">
      <Filter>Source</Filter>
    </ClInclude>
    <ClInclude Include="Source\GameModuleManager.h">
      <Filter>Source</Filter>
    </ClInclude>
    <ClInclude Include="Source\Components\ComponentEnemyManager.h">
      <Filter>Source\Components</Filter>
    </ClInclude>
    <ClInclude Include="Source\Components\ComponentGameManager.h">
      <Filter>Source\Components</Filter>
    </ClInclude>
  </ItemGroup>
</Project>